# This lock file was generated by conda-lock (https://github.com/conda/conda-lock). DO NOT EDIT!
#
# A "lock file" contains a concrete list of package versions (with checksums) to be installed. Unlike
# e.g. `conda env create`, the resulting environment will not change as new package versions become
# available, unless you explicitly update the lock file.
#
# Install this environment as "YOURENV" with:
#     conda-lock install -n YOURENV --file qa-osx-arm64.conda.lock
# To update a single package to the latest version compatible with the version constraints in the source:
#     conda-lock lock  --lockfile qa-osx-arm64.conda.lock --update PACKAGE
# To re-solve the entire environment, e.g. after changing a version constraint in the source file:
#     conda-lock -f ../specs/base.yml -f ../specs/qa.yml --lockfile qa-osx-arm64.conda.lock
version: 1
metadata:
  content_hash:
    osx-arm64: a7ed4ddf1f76f1af059809a6b3d927065f7de0eb442af7da2c9aca18e21a9770
  channels:
  - url: conda-forge
    used_env_vars: []
  - url: defaults
    used_env_vars: []
  platforms:
  - osx-arm64
  sources:
  - ../specs/base.yml
  - ../specs/qa.yml
package:
- name: annotated-types
  version: 0.6.0
  manager: conda
  platform: osx-arm64
  dependencies:
    python: '>=3.7'
    typing-extensions: '>=4.0.0'
  url: https://conda.anaconda.org/conda-forge/noarch/annotated-types-0.6.0-pyhd8ed1ab_0.conda
  hash:
    md5: 997c29372bdbe2afee073dff71f35923
    sha256: 3a2c98154d95cfd54daba6b7d507d31f5ba07ac2ad955c44eb041b66563193cd
  category: main
  optional: false
- name: appdirs
  version: 1.4.4
  manager: conda
  platform: osx-arm64
  dependencies:
    python: ''
  url: https://conda.anaconda.org/conda-forge/noarch/appdirs-1.4.4-pyh9f0ad1d_0.tar.bz2
  hash:
    md5: 5f095bc6454094e96f146491fd03633b
    sha256: ae9fb8f68281f84482f2c234379aa12405a9e365151d43af20b3ae1f17312111
  category: main
  optional: false
- name: black
  version: 24.2.0
  manager: conda
  platform: osx-arm64
  dependencies:
    click: '>=8.0.0'
    mypy_extensions: '>=0.4.3'
    packaging: '>=22.0'
    pathspec: '>=0.9'
    platformdirs: '>=2'
    python: '>=3.11,<3.12.0a0'
    python_abi: 3.11.*
  url: https://conda.anaconda.org/conda-forge/osx-arm64/black-24.2.0-py311h267d04e_0.conda
  hash:
    md5: 50648218d4ca9f1728c93f72f659a7a3
    sha256: 5be58d2bd471adf44c3ef37f7909b2c27538a9ab63ee465f0b67652f42ea89cb
  category: main
  optional: false
- name: brotli-python
  version: 1.1.0
  manager: conda
  platform: osx-arm64
  dependencies:
    libcxx: '>=15.0.7'
    python: '>=3.11,<3.12.0a0'
    python_abi: 3.11.*
  url: https://conda.anaconda.org/conda-forge/osx-arm64/brotli-python-1.1.0-py311ha891d26_1.conda
  hash:
    md5: 5e802b015e33447d1283d599d21f052b
    sha256: 2d78c79ccf2c17236c52ef217a4c34b762eb7908a6903d94439f787aac1c8f4b
  category: main
  optional: false
- name: build
  version: 0.7.0
  manager: conda
  platform: osx-arm64
  dependencies:
    importlib-metadata: ''
    packaging: ''
    pep517: '>=0.9.1'
    python: '>=3.6'
    tomli: ''
  url: https://conda.anaconda.org/conda-forge/noarch/build-0.7.0-pyhd8ed1ab_0.tar.bz2
  hash:
    md5: add7f31586d03678695b32b78a1337a1
    sha256: 44e2d3270209d1f10b8adec2a159699ed66914e851ec34775902e856ea04afeb
  category: main
  optional: false
- name: bzip2
  version: 1.0.8
  manager: conda
  platform: osx-arm64
  dependencies: {}
  url: https://conda.anaconda.org/conda-forge/osx-arm64/bzip2-1.0.8-h93a5062_5.conda
  hash:
    md5: 1bbc659ca658bfd49a481b5ef7a0f40f
    sha256: bfa84296a638bea78a8bb29abc493ee95f2a0218775642474a840411b950fe5f
  category: main
  optional: false
- name: ca-certificates
  version: 2024.2.2
  manager: conda
  platform: osx-arm64
  dependencies: {}
  url: https://conda.anaconda.org/conda-forge/osx-arm64/ca-certificates-2024.2.2-hf0a4a13_0.conda
  hash:
    md5: fb416a1795f18dcc5a038bc2dc54edf9
    sha256: 49bc3439816ac72d0c0e0f144b8cc870fdcc4adec2e861407ec818d8116b2204
  category: main
  optional: false
- name: cachecontrol
  version: 0.14.0
  manager: conda
  platform: osx-arm64
  dependencies:
    msgpack-python: '>=0.5.2'
    python: '>=3.7'
    requests: '>=2.16.0'
  url: https://conda.anaconda.org/conda-forge/noarch/cachecontrol-0.14.0-pyhd8ed1ab_0.conda
  hash:
    md5: a661c39e223bf3038b38126b0bbf43d9
    sha256: 3318732d60456c5ecc0db14a7343a320ea88e05ae168aea4164d7f9ec7907142
  category: main
  optional: false
- name: cachecontrol-with-filecache
  version: 0.14.0
  manager: conda
  platform: osx-arm64
  dependencies:
    cachecontrol: 0.14.0
    filelock: '>=3.8.0'
    python: '>=3.7'
  url: https://conda.anaconda.org/conda-forge/noarch/cachecontrol-with-filecache-0.14.0-pyhd8ed1ab_0.conda
  hash:
    md5: 4c08fa6e7d1d3f124ad815e21b2210e9
    sha256: 89a9061aafc28c0e0e2db49a5b99e99797ed3a7127c31deda0cceb4696ae627f
  category: main
  optional: false
- name: cachy
  version: 0.3.0
  manager: conda
  platform: osx-arm64
  dependencies:
    python: '>=3.6'
  url: https://conda.anaconda.org/conda-forge/noarch/cachy-0.3.0-pyhd8ed1ab_1.tar.bz2
  hash:
    md5: 5dfee17f24e2dfd18d7392b48c9351e2
    sha256: 9b193a4e483c4d0004bc5b88fac7a02516b6311137ab61b8db85aa9741422e35
  category: main
  optional: false
- name: certifi
  version: 2024.2.2
  manager: conda
  platform: osx-arm64
  dependencies:
    python: '>=3.7'
  url: https://conda.anaconda.org/conda-forge/noarch/certifi-2024.2.2-pyhd8ed1ab_0.conda
  hash:
    md5: 0876280e409658fc6f9e75d035960333
    sha256: f1faca020f988696e6b6ee47c82524c7806380b37cfdd1def32f92c326caca54
  category: main
  optional: false
- name: cffi
  version: 1.16.0
  manager: conda
  platform: osx-arm64
  dependencies:
    libffi: '>=3.4,<4.0a0'
    pycparser: ''
    python: '>=3.11,<3.12.0a0'
    python_abi: 3.11.*
  url: https://conda.anaconda.org/conda-forge/osx-arm64/cffi-1.16.0-py311h4a08483_0.conda
  hash:
    md5: cbdde0484a47b40e6ce2a4e5aaeb48d7
    sha256: 9430416328fe2a28e206e703de771817064c8613a79a6a21fe7107f6a783104c
  category: main
  optional: false
- name: charset-normalizer
  version: 3.3.2
  manager: conda
  platform: osx-arm64
  dependencies:
    python: '>=3.7'
  url: https://conda.anaconda.org/conda-forge/noarch/charset-normalizer-3.3.2-pyhd8ed1ab_0.conda
  hash:
    md5: 7f4a9e3fcff3f6356ae99244a014da6a
    sha256: 20cae47d31fdd58d99c4d2e65fbdcefa0b0de0c84e455ba9d6356a4bdbc4b5b9
  category: main
  optional: false
- name: click
  version: 8.1.7
  manager: conda
  platform: osx-arm64
  dependencies:
    __unix: ''
    python: '>=3.8'
  url: https://conda.anaconda.org/conda-forge/noarch/click-8.1.7-unix_pyh707e725_0.conda
  hash:
    md5: f3ad426304898027fc619827ff428eca
    sha256: f0016cbab6ac4138a429e28dbcb904a90305b34b3fe41a9b89d697c90401caec
  category: main
  optional: false
- name: click-default-group
  version: 1.2.4
  manager: conda
  platform: osx-arm64
  dependencies:
    click: ''
    python: '>=2.7'
  url: https://conda.anaconda.org/conda-forge/noarch/click-default-group-1.2.4-pyhd8ed1ab_0.conda
  hash:
    md5: 7c2b6931f9b3548ed78478332095c3e9
    sha256: b36e35d735ddd29d7c592eb3de4b3979e13a9f76f1b4bc939f2cb4402758d6d0
  category: main
  optional: false
- name: clikit
  version: 0.6.2
  manager: conda
  platform: osx-arm64
  dependencies:
    pastel: '>=0.2.0,<0.3.0'
    pylev: '>=1.3,<2.0'
    python: '>=3.7'
  url: https://conda.anaconda.org/conda-forge/noarch/clikit-0.6.2-pyhd8ed1ab_2.conda
  hash:
    md5: 02abb7b66b02e8b9f5a9b05454400087
    sha256: 2d582bc15d9116ec5467b565fb87d9034c8b56f60943e8eb69407f55f1ab5a78
  category: main
  optional: false
- name: cloudpickle
  version: 3.0.0
  manager: conda
  platform: osx-arm64
  dependencies:
    python: '>=3.8'
  url: https://conda.anaconda.org/conda-forge/noarch/cloudpickle-3.0.0-pyhd8ed1ab_0.conda
  hash:
    md5: 753d29fe41bb881e4b9c004f0abf973f
    sha256: 0dfbc1ffa72e7a0882f486c9b1e4e9cccb68cf5c576fe53a89d076c9f1d43754
  category: main
  optional: false
- name: cmarkgfm
  version: 0.8.0
  manager: conda
  platform: osx-arm64
  dependencies:
    cffi: '>=1.0.0'
    python: '>=3.11,<3.12.0a0'
    python_abi: 3.11.*
  url: https://conda.anaconda.org/conda-forge/osx-arm64/cmarkgfm-0.8.0-py311heffc1b2_3.conda
  hash:
    md5: 5cb88950ae060fe9220ed27c2d06987d
    sha256: d27c4d0cf73cd86551a403fa8363f61bdd270418a348aebbd51f5ca26be0661e
  category: main
  optional: false
- name: conda-lock
  version: 2.5.5
  manager: conda
  platform: osx-arm64
  dependencies:
    cachecontrol-with-filecache: '>=0.12.9'
    cachy: '>=0.3.0'
    click: '>=8.0'
    click-default-group: ''
    clikit: '>=0.6.2'
    crashtest: '>=0.3.0'
    ensureconda: '>=1.3'
    gitpython: '>=3.1.30'
    html5lib: '>=1.0'
    jinja2: ''
    keyring: '>=21.2.0'
    packaging: '>=20.4'
    pkginfo: '>=1.4'
    pydantic: '>=1.10'
    python: '>=3.8'
    pyyaml: '>=5.1'
    requests: '>=2.18'
    ruamel.yaml: ''
    setuptools: ''
    tomli: ''
    tomlkit: '>=0.7.0'
    toolz: '>=0.12.0,<1.0.0'
    typing_extensions: ''
    urllib3: '>=1.26.5,<2.0'
    virtualenv: '>=20.0.26'
  url: https://conda.anaconda.org/conda-forge/noarch/conda-lock-2.5.5-pyhd8ed1ab_0.conda
  hash:
    md5: 84e25a941be93fdf9838426825eb1481
    sha256: f6b8c563c130f750a2838de8152e892cf75f4f77865d4de0295786c6aba5de84
  category: main
  optional: false
- name: crashtest
  version: 0.4.1
  manager: conda
  platform: osx-arm64
  dependencies:
    python: '>=3.6,<4.0'
  url: https://conda.anaconda.org/conda-forge/noarch/crashtest-0.4.1-pyhd8ed1ab_0.tar.bz2
  hash:
    md5: 709a2295dd907bb34afb57d54320642f
    sha256: 2f05954a3faf0700c14c1deddc085385160ee32abe111699c78d9cb277e915cc
  category: main
  optional: false
- name: distlib
  version: 0.3.8
  manager: conda
  platform: osx-arm64
  dependencies:
    python: 2.7|>=3.6
  url: https://conda.anaconda.org/conda-forge/noarch/distlib-0.3.8-pyhd8ed1ab_0.conda
  hash:
    md5: db16c66b759a64dc5183d69cc3745a52
    sha256: 3ff11acdd5cc2f80227682966916e878e45ced94f59c402efb94911a5774e84e
  category: main
  optional: false
- name: docformatter
  version: 1.7.5
  manager: conda
  platform: osx-arm64
  dependencies:
    charset-normalizer: '>=3.0.0'
    python: '>=3.7'
    untokenize: '>=0.1.1'
  url: https://conda.anaconda.org/conda-forge/noarch/docformatter-1.7.5-pyhd8ed1ab_0.conda
  hash:
    md5: 3a941b6083e945aa87e739a9b85c82e9
    sha256: e6ec436da3615764106e16eb6bedfe6dc65d12de27e0bdb151dfdb39ec04d89e
  category: main
  optional: false
- name: docutils
  version: 0.20.1
  manager: conda
  platform: osx-arm64
  dependencies:
    python: '>=3.11,<3.12.0a0'
    python_abi: 3.11.*
  url: https://conda.anaconda.org/conda-forge/osx-arm64/docutils-0.20.1-py311h267d04e_3.conda
  hash:
    md5: 29944e93a6f38b2e0fd4f6b743558959
    sha256: 21af625c067faa77cd3aa2bfd8ca2449cdacdb1b531da8b4cbb476f4a928fdd9
  category: main
  optional: false
- name: doit
  version: 0.36.0
  manager: conda
  platform: osx-arm64
  dependencies:
    cloudpickle: ''
    importlib-metadata: '>=4.4'
    python: '>=3.8'
  url: https://conda.anaconda.org/conda-forge/noarch/doit-0.36.0-pyhd8ed1ab_0.tar.bz2
  hash:
    md5: fc5e53d070f1ee7bb38c2ece282dcb82
    sha256: 268abd6a52e5ea839233f5f5754d9bf959b16289b6a891cb50ffb65c9a47306a
  category: main
  optional: false
- name: ensureconda
  version: 1.4.4
  manager: conda
  platform: osx-arm64
  dependencies:
    appdirs: ''
    click: '>=5.1'
    filelock: ''
    packaging: ''
    python: '>=3.7'
    requests: '>=2'
  url: https://conda.anaconda.org/conda-forge/noarch/ensureconda-1.4.4-pyhd8ed1ab_0.conda
  hash:
    md5: e54a91c3a65491b13c68f7696425bac8
    sha256: a115afdc676c95a17ab63bbda84b7b724bc8817ae54fa34f8991339252424959
  category: main
  optional: false
- name: filelock
  version: 3.13.1
  manager: conda
  platform: osx-arm64
  dependencies:
    python: '>=3.7'
  url: https://conda.anaconda.org/conda-forge/noarch/filelock-3.13.1-pyhd8ed1ab_0.conda
  hash:
    md5: 0c1729b74a8152fde6a38ba0a2ab9f45
    sha256: 4d742d91412d1f163e5399d2b50c5d479694ebcd309127abb549ca3977f89d2b
  category: main
  optional: false
- name: gitdb
  version: 4.0.11
  manager: conda
  platform: osx-arm64
  dependencies:
    python: '>=3.7'
    smmap: '>=3.0.1,<6'
  url: https://conda.anaconda.org/conda-forge/noarch/gitdb-4.0.11-pyhd8ed1ab_0.conda
  hash:
    md5: 623b19f616f2ca0c261441067e18ae40
    sha256: 52ab2798be31b8f509eeec458712f447ced4f96ecb672c6c9a42778f47e07b1b
  category: main
  optional: false
- name: gitpython
  version: 3.1.42
  manager: conda
  platform: osx-arm64
  dependencies:
    gitdb: '>=4.0.1,<5'
    python: '>=3.7'
    typing_extensions: '>=3.7.4.3'
  url: https://conda.anaconda.org/conda-forge/noarch/gitpython-3.1.42-pyhd8ed1ab_0.conda
  hash:
    md5: 6bc8e496351bafd761c0922c3ebd989a
    sha256: a11e1cf4404157467d0f51906d1db80bcb8bfe4bb3d3eba703b28e981ea7e308
  category: main
  optional: false
- name: html5lib
  version: '1.1'
  manager: conda
  platform: osx-arm64
  dependencies:
    python: ''
    six: '>=1.9'
    webencodings: ''
  url: https://conda.anaconda.org/conda-forge/noarch/html5lib-1.1-pyh9f0ad1d_0.tar.bz2
  hash:
    md5: b2355343d6315c892543200231d7154a
    sha256: 9ad06446fe9847e86cb20d220bf11614afcd2cbe9f58096f08d5d4018877bee4
  category: main
  optional: false
- name: idna
  version: '3.6'
  manager: conda
  platform: osx-arm64
  dependencies:
    python: '>=3.6'
  url: https://conda.anaconda.org/conda-forge/noarch/idna-3.6-pyhd8ed1ab_0.conda
  hash:
    md5: 1a76f09108576397c41c0b0c5bd84134
    sha256: 6ee4c986d69ce61e60a20b2459b6f2027baeba153f0a64995fd3cb47c2cc7e07
  category: main
  optional: false
- name: importlib-metadata
  version: 7.0.1
  manager: conda
  platform: osx-arm64
  dependencies:
    python: '>=3.8'
    zipp: '>=0.5'
  url: https://conda.anaconda.org/conda-forge/noarch/importlib-metadata-7.0.1-pyha770c72_0.conda
  hash:
    md5: 746623a787e06191d80a2133e5daff17
    sha256: e72d05f171f4567004c9360a838e9d5df21e23dcfeb945066b53a6e5f754b861
  category: main
  optional: false
- name: importlib_metadata
  version: 7.0.1
  manager: conda
  platform: osx-arm64
  dependencies:
    importlib-metadata: '>=7.0.1,<7.0.2.0a0'
  url: https://conda.anaconda.org/conda-forge/noarch/importlib_metadata-7.0.1-hd8ed1ab_0.conda
  hash:
    md5: 4a2f43a20fa404b998859c6a470ba316
    sha256: bc362df1d4f5a04c38dff29cd9c2d0ac584f9c4b45d3e4683ee090944a38fba4
  category: main
  optional: false
- name: jaraco.classes
  version: 3.3.1
  manager: conda
  platform: osx-arm64
  dependencies:
    more-itertools: ''
    python: '>=3.7'
  url: https://conda.anaconda.org/conda-forge/noarch/jaraco.classes-3.3.1-pyhd8ed1ab_0.conda
  hash:
    md5: c541ae264c9f1f21d83fc30dffb908ee
    sha256: 232b40de8176fa7fb66a893653f8ae03c29616e04a83dae5a47df94b74e256ca
  category: main
  optional: false
- name: jinja2
  version: 3.1.3
  manager: conda
  platform: osx-arm64
  dependencies:
    markupsafe: '>=2.0'
    python: '>=3.7'
  url: https://conda.anaconda.org/conda-forge/noarch/jinja2-3.1.3-pyhd8ed1ab_0.conda
  hash:
    md5: e7d8df6509ba635247ff9aea31134262
    sha256: fd517b7dd3a61eca34f8a6f9f92f306397149cae1204fce72ac3d227107dafdc
  category: main
  optional: false
- name: keyring
  version: 24.3.0
  manager: conda
  platform: osx-arm64
  dependencies:
    importlib_metadata: '>=4.11.4'
    jaraco.classes: ''
    python: '>=3.11,<3.12.0a0'
    python_abi: 3.11.*
  url: https://conda.anaconda.org/conda-forge/osx-arm64/keyring-24.3.0-py311h267d04e_0.conda
  hash:
    md5: 3ef01ab147d3d43bb0990eba7a1fcaec
    sha256: f7791c4a77253a2278eaa3dad298f578af5af4f5e8e69e46c6dca23259dd949a
  category: main
  optional: false
- name: libcxx
  version: 16.0.6
  manager: conda
  platform: osx-arm64
  dependencies: {}
  url: https://conda.anaconda.org/conda-forge/osx-arm64/libcxx-16.0.6-h4653b0c_0.conda
  hash:
    md5: 9d7d724faf0413bf1dbc5a85935700c8
    sha256: 11d3fb51c14832d9e4f6d84080a375dec21ea8a3a381a1910e67ff9cedc20355
  category: main
  optional: false
- name: libexpat
  version: 2.5.0
  manager: conda
  platform: osx-arm64
  dependencies: {}
  url: https://conda.anaconda.org/conda-forge/osx-arm64/libexpat-2.5.0-hb7217d7_1.conda
  hash:
    md5: 5a097ad3d17e42c148c9566280481317
    sha256: 7d143a9c991579ad4207f84c632650a571c66329090daa32b3c87cf7311c3381
  category: main
  optional: false
- name: libffi
  version: 3.4.2
  manager: conda
  platform: osx-arm64
  dependencies: {}
  url: https://conda.anaconda.org/conda-forge/osx-arm64/libffi-3.4.2-h3422bc3_5.tar.bz2
  hash:
    md5: 086914b672be056eb70fd4285b6783b6
    sha256: 41b3d13efb775e340e4dba549ab5c029611ea6918703096b2eaa9c015c0750ca
  category: main
  optional: false
- name: libsqlite
  version: 3.45.1
  manager: conda
  platform: osx-arm64
  dependencies:
    libzlib: '>=1.2.13,<1.3.0a0'
  url: https://conda.anaconda.org/conda-forge/osx-arm64/libsqlite-3.45.1-h091b4b1_0.conda
  hash:
    md5: a153a40a253962373b5330eb9d182da9
    sha256: 64befc456a38907d1334fb58eb604a96625d3a23a2f34fbd203e0b307a4a141e
  category: main
  optional: false
- name: libzlib
  version: 1.2.13
  manager: conda
  platform: osx-arm64
  dependencies: {}
  url: https://conda.anaconda.org/conda-forge/osx-arm64/libzlib-1.2.13-h53f4e23_5.conda
  hash:
    md5: 1a47f5236db2e06a320ffa0392f81bd8
    sha256: ab1c8aefa2d54322a63aaeeefe9cf877411851738616c4068e0dccc66b9c758a
  category: main
  optional: false
- name: markdown-it-py
  version: 3.0.0
  manager: conda
  platform: osx-arm64
  dependencies:
    mdurl: '>=0.1,<1'
    python: '>=3.8'
  url: https://conda.anaconda.org/conda-forge/noarch/markdown-it-py-3.0.0-pyhd8ed1ab_0.conda
  hash:
    md5: 93a8e71256479c62074356ef6ebf501b
    sha256: c041b0eaf7a6af3344d5dd452815cdc148d6284fec25a4fa3f4263b3a021e962
  category: main
  optional: false
- name: markupsafe
  version: 2.1.5
  manager: conda
  platform: osx-arm64
  dependencies:
    python: '>=3.11,<3.12.0a0'
    python_abi: 3.11.*
  url: https://conda.anaconda.org/conda-forge/osx-arm64/markupsafe-2.1.5-py311h05b510d_0.conda
  hash:
    md5: a27177455a9d29f4ac9d687a489e5d52
    sha256: 3f2127bd8788dc4b7c3d6d65ae4b7d2f8c7d02a246fc17b819390edeca53fd93
  category: main
  optional: false
- name: mdurl
  version: 0.1.2
  manager: conda
  platform: osx-arm64
  dependencies:
    python: '>=3.6'
  url: https://conda.anaconda.org/conda-forge/noarch/mdurl-0.1.2-pyhd8ed1ab_0.conda
  hash:
    md5: 776a8dd9e824f77abac30e6ef43a8f7a
    sha256: 64073dfb6bb429d52fff30891877b48c7ec0f89625b1bf844905b66a81cce6e1
  category: main
  optional: false
- name: more-itertools
  version: 10.2.0
  manager: conda
  platform: osx-arm64
  dependencies:
    python: '>=3.8'
  url: https://conda.anaconda.org/conda-forge/noarch/more-itertools-10.2.0-pyhd8ed1ab_0.conda
  hash:
    md5: d5c98e9706fdc5328d49a9bf2ce5fb42
    sha256: 9e49e9484ff279453f0b55323a3f0c7cb97440c74f69eecda1f4ad29fae5cd3c
  category: main
  optional: false
- name: msgpack-python
  version: 1.0.7
  manager: conda
  platform: osx-arm64
  dependencies:
    __osx: '>=10.9'
    libcxx: '>=16.0.6'
    python: '>=3.11,<3.12.0a0'
    python_abi: 3.11.*
  url: https://conda.anaconda.org/conda-forge/osx-arm64/msgpack-python-1.0.7-py311hd03642b_0.conda
  hash:
    md5: 088b13e442731c8273fd8b8f611fb527
    sha256: a94431a5d83393e7effcb901a1c05b75db32d2369117cc05b0d1c6091255faa9
  category: main
  optional: false
- name: mypy
  version: 1.8.0
  manager: conda
  platform: osx-arm64
  dependencies:
    mypy_extensions: '>=1.0.0'
    psutil: '>=4.0'
    python: '>=3.11,<3.12.0a0'
    python_abi: 3.11.*
    typing_extensions: '>=4.1.0'
  url: https://conda.anaconda.org/conda-forge/osx-arm64/mypy-1.8.0-py311h05b510d_0.conda
  hash:
    md5: 93010b2e72e263002f6c60dc1c1f7e1d
    sha256: e31c811f99b842020350f9df6c6e4b5e2bf07353fee3cc0029c655e8980d9431
  category: main
  optional: false
- name: mypy_extensions
  version: 1.0.0
  manager: conda
  platform: osx-arm64
  dependencies:
    python: '>=3.5'
  url: https://conda.anaconda.org/conda-forge/noarch/mypy_extensions-1.0.0-pyha770c72_0.conda
  hash:
    md5: 4eccaeba205f0aed9ac3a9ea58568ca3
    sha256: f240217476e148e825420c6bc3a0c0efb08c0718b7042fae960400c02af858a3
  category: main
  optional: false
- name: ncurses
  version: '6.4'
  manager: conda
  platform: osx-arm64
  dependencies:
    __osx: '>=10.9'
  url: https://conda.anaconda.org/conda-forge/osx-arm64/ncurses-6.4-h463b476_2.conda
  hash:
    md5: 52b6f254a7b9663e854f44b6570ed982
    sha256: f6890634f815e8408d08f36503353f8dfd7b055e4c3b9ea2ee52180255cf4b0a
  category: main
  optional: false
- name: nh3
  version: 0.2.15
  manager: conda
  platform: osx-arm64
  dependencies:
    python: '>=3.11,<3.12.0a0'
    python_abi: 3.11.*
  url: https://conda.anaconda.org/conda-forge/osx-arm64/nh3-0.2.15-py311h94f323b_0.conda
  hash:
    md5: 21c870df3567f6cdfceee7360e6591eb
    sha256: 2da7ef9cdd56243ef0fe8627064c52763fac2205d43e5af7f10939200e4e026f
  category: main
  optional: false
- name: openssl
  version: 3.2.1
  manager: conda
  platform: osx-arm64
  dependencies:
    ca-certificates: ''
  url: https://conda.anaconda.org/conda-forge/osx-arm64/openssl-3.2.1-h0d3ecfb_0.conda
  hash:
    md5: 421cc6e8715447b73c2c57dcf78cb9d2
    sha256: 13663fcd4abc8681b31ccbad39800fee2127cb6159b51a989ed48a816af36cf5
  category: main
  optional: false
- name: packaging
  version: '23.2'
  manager: conda
  platform: osx-arm64
  dependencies:
    python: '>=3.7'
  url: https://conda.anaconda.org/conda-forge/noarch/packaging-23.2-pyhd8ed1ab_0.conda
  hash:
    md5: 79002079284aa895f883c6b7f3f88fd6
    sha256: 69b3ace6cca2dab9047b2c24926077d81d236bef45329d264b394001e3c3e52f
  category: main
  optional: false
- name: pastel
  version: 0.2.1
  manager: conda
  platform: osx-arm64
  dependencies:
    python: '>=2.7'
  url: https://conda.anaconda.org/conda-forge/noarch/pastel-0.2.1-pyhd8ed1ab_0.tar.bz2
  hash:
    md5: a4eea5bff523f26442405bc5d1f52adb
    sha256: 9153f0f38c76a09da7688a61fdbf8f3d7504e2326bef53e4ec20d994311b15bd
  category: main
  optional: false
- name: pathspec
  version: 0.12.1
  manager: conda
  platform: osx-arm64
  dependencies:
    python: '>=3.7'
  url: https://conda.anaconda.org/conda-forge/noarch/pathspec-0.12.1-pyhd8ed1ab_0.conda
  hash:
    md5: 17064acba08d3686f1135b5ec1b32b12
    sha256: 4e534e66bfe8b1e035d2169d0e5b185450546b17e36764272863e22e0370be4d
  category: main
  optional: false
- name: pep517
  version: 0.13.0
  manager: conda
  platform: osx-arm64
  dependencies:
    python: '>=3.8'
    tomli: ''
  url: https://conda.anaconda.org/conda-forge/noarch/pep517-0.13.0-pyhd8ed1ab_0.tar.bz2
  hash:
    md5: d94aa03d99d8adc9898f783eba0d84d2
    sha256: 6a6f2fa6bc9106b2edcccc142242dc3ab1f2f77a6debbd5b480f08482f052636
  category: main
  optional: false
- name: pip
  version: '24.0'
  manager: conda
  platform: osx-arm64
  dependencies:
    python: '>=3.7'
    setuptools: ''
    wheel: ''
  url: https://conda.anaconda.org/conda-forge/noarch/pip-24.0-pyhd8ed1ab_0.conda
  hash:
    md5: f586ac1e56c8638b64f9c8122a7b8a67
    sha256: b7c1c5d8f13e8cb491c4bd1d0d1896a4cf80fc47de01059ad77509112b664a4a
  category: main
  optional: false
- name: pkginfo
  version: 1.9.6
  manager: conda
  platform: osx-arm64
  dependencies:
    python: '>=3.6'
  url: https://conda.anaconda.org/conda-forge/noarch/pkginfo-1.9.6-pyhd8ed1ab_0.conda
  hash:
    md5: be1e9f1c65a1ed0f2ae9352fec99db64
    sha256: 7ea5a5af62a15376d9f4f9f3c134874d0b0710f39be719e849b7fa9ca8870502
  category: main
  optional: false
- name: platformdirs
  version: 4.2.0
  manager: conda
  platform: osx-arm64
  dependencies:
    python: '>=3.8'
  url: https://conda.anaconda.org/conda-forge/noarch/platformdirs-4.2.0-pyhd8ed1ab_0.conda
  hash:
    md5: a0bc3eec34b0fab84be6b2da94e98e20
    sha256: 2ebfb971236ab825dd79dd6086ea742a9901008ffb9c6222c1f2b5172a8039d3
  category: main
  optional: false
- name: psutil
  version: 5.9.8
  manager: conda
  platform: osx-arm64
  dependencies:
    python: '>=3.11,<3.12.0a0'
    python_abi: 3.11.*
  url: https://conda.anaconda.org/conda-forge/osx-arm64/psutil-5.9.8-py311h05b510d_0.conda
  hash:
    md5: 970ef0edddc6c2cfeb16b7225a28a1f4
    sha256: 2b6e485c761fa3e7271c44a070c0d08e79a6758ac4d7a660eaff0ed0a60c6f2b
  category: main
  optional: false
- name: pycparser
  version: '2.21'
  manager: conda
  platform: osx-arm64
  dependencies:
    python: 2.7.*|>=3.4
  url: https://conda.anaconda.org/conda-forge/noarch/pycparser-2.21-pyhd8ed1ab_0.tar.bz2
  hash:
    md5: 076becd9e05608f8dc72757d5f3a91ff
    sha256: 74c63fd03f1f1ea2b54e8bc529fd1a600aaafb24027b738d0db87909ee3a33dc
  category: main
  optional: false
- name: pydantic
  version: 2.6.1
  manager: conda
  platform: osx-arm64
  dependencies:
    annotated-types: '>=0.4.0'
    pydantic-core: 2.16.2
    python: '>=3.7'
    typing-extensions: '>=4.6.1'
  url: https://conda.anaconda.org/conda-forge/noarch/pydantic-2.6.1-pyhd8ed1ab_0.conda
  hash:
    md5: 3b1698c91820d852d802fc21471f52d8
    sha256: 27083637287bb08a93e28616b5030f5eab31deb83d16fc132901ada987a62cfa
  category: main
  optional: false
- name: pydantic-core
  version: 2.16.2
  manager: conda
  platform: osx-arm64
  dependencies:
    python: '>=3.11,<3.12.0a0'
    python_abi: 3.11.*
    typing-extensions: '>=4.6.0,!=4.7.0'
  url: https://conda.anaconda.org/conda-forge/osx-arm64/pydantic-core-2.16.2-py311h94f323b_1.conda
  hash:
    md5: ba3bd26bfac6248309102698ffe8c770
    sha256: 9785c6fef50833cf6a3eef2a07d81d888726d6db63c7bc8c5aca3f26bdab9ec9
  category: main
  optional: false
- name: pygments
  version: 2.17.2
  manager: conda
  platform: osx-arm64
  dependencies:
    python: '>=3.7'
  url: https://conda.anaconda.org/conda-forge/noarch/pygments-2.17.2-pyhd8ed1ab_0.conda
  hash:
    md5: 140a7f159396547e9799aa98f9f0742e
    sha256: af5f8867450dc292f98ea387d4d8945fc574284677c8f60eaa9846ede7387257
  category: main
  optional: false
- name: pylev
  version: 1.4.0
  manager: conda
  platform: osx-arm64
  dependencies:
    python: '>=3.3'
  url: https://conda.anaconda.org/conda-forge/noarch/pylev-1.4.0-pyhd8ed1ab_0.tar.bz2
  hash:
    md5: edf8651c4379d9d1495ad6229622d150
    sha256: 50bd91767686bfe769e50a5a1b883e238d944a6163fea43e7c0beaac54ca674f
  category: main
  optional: false
- name: pysocks
  version: 1.7.1
  manager: conda
  platform: osx-arm64
  dependencies:
    __unix: ''
    python: '>=3.8'
  url: https://conda.anaconda.org/conda-forge/noarch/pysocks-1.7.1-pyha2e5f31_6.tar.bz2
  hash:
    md5: 2a7de29fb590ca14b5243c4c812c8025
    sha256: a42f826e958a8d22e65b3394f437af7332610e43ee313393d1cf143f0a2d274b
  category: main
  optional: false
- name: python
  version: 3.11.8
  manager: conda
  platform: osx-arm64
  dependencies:
    bzip2: '>=1.0.8,<2.0a0'
    libexpat: '>=2.5.0,<3.0a0'
    libffi: '>=3.4,<4.0a0'
    libsqlite: '>=3.45.1,<4.0a0'
    libzlib: '>=1.2.13,<1.3.0a0'
    ncurses: '>=6.4,<7.0a0'
    openssl: '>=3.2.1,<4.0a0'
    readline: '>=8.2,<9.0a0'
    tk: '>=8.6.13,<8.7.0a0'
    tzdata: ''
    xz: '>=5.2.6,<6.0a0'
  url: https://conda.anaconda.org/conda-forge/osx-arm64/python-3.11.8-hdf0ec26_0_cpython.conda
  hash:
    md5: 8f4076d960f17f19ae8b2f66727ea1c6
    sha256: 6c9bbac137759e013e6a50593c7cf10a06032fcb1ef3a994c598c7a95e73a8e1
  category: main
  optional: false
- name: python_abi
  version: '3.11'
  manager: conda
  platform: osx-arm64
  dependencies: {}
  url: https://conda.anaconda.org/conda-forge/osx-arm64/python_abi-3.11-4_cp311.conda
  hash:
    md5: 8d3751bc73d3bbb66f216fa2331d5649
    sha256: 4837089c477b9b84fa38a17f453e6634e68237267211b27a8a2f5ccd847f4e55
  category: main
  optional: false
- name: pyyaml
  version: 6.0.1
  manager: conda
  platform: osx-arm64
  dependencies:
    python: '>=3.11,<3.12.0a0'
    python_abi: 3.11.*
    yaml: '>=0.2.5,<0.3.0a0'
  url: https://conda.anaconda.org/conda-forge/osx-arm64/pyyaml-6.0.1-py311heffc1b2_1.conda
  hash:
    md5: d310bfbb8230b9175c0cbc10189ad804
    sha256: b155f5c27f0e2951256774628c4b91fdeee3267018eef29897a74e3d1316c8b0
  category: main
  optional: false
- name: readline
  version: '8.2'
  manager: conda
  platform: osx-arm64
  dependencies:
    ncurses: '>=6.3,<7.0a0'
  url: https://conda.anaconda.org/conda-forge/osx-arm64/readline-8.2-h92ec313_1.conda
  hash:
    md5: 8cbb776a2f641b943d413b3e19df71f4
    sha256: a1dfa679ac3f6007362386576a704ad2d0d7a02e98f5d0b115f207a2da63e884
  category: main
  optional: false
- name: readme_renderer
  version: '42.0'
  manager: conda
  platform: osx-arm64
  dependencies:
    cmarkgfm: '>=0.8.0'
    docutils: '>=0.13.1'
    nh3: '>=0.2.14'
    pygments: '>=2.5.1'
    python: '>=3.8'
  url: https://conda.anaconda.org/conda-forge/noarch/readme_renderer-42.0-pyhd8ed1ab_0.conda
  hash:
    md5: fdc16f5dc3a911d8f43f64f814a45961
    sha256: 61e03765ebdb168fc8747e8183db4067b55888c89d59e0f4f53b5b4046846cda
  category: main
  optional: false
- name: requests
  version: 2.31.0
  manager: conda
  platform: osx-arm64
  dependencies:
    certifi: '>=2017.4.17'
    charset-normalizer: '>=2,<4'
    idna: '>=2.5,<4'
    python: '>=3.7'
    urllib3: '>=1.21.1,<3'
  url: https://conda.anaconda.org/conda-forge/noarch/requests-2.31.0-pyhd8ed1ab_0.conda
  hash:
    md5: a30144e4156cdbb236f99ebb49828f8b
    sha256: 9f629d6fd3c8ac5f2a198639fe7af87c4db2ac9235279164bfe0fcb49d8c4bad
  category: main
  optional: false
- name: requests-toolbelt
  version: 1.0.0
  manager: conda
  platform: osx-arm64
  dependencies:
    python: '>=3.6'
    requests: '>=2.0.1,<3.0.0'
  url: https://conda.anaconda.org/conda-forge/noarch/requests-toolbelt-1.0.0-pyhd8ed1ab_0.conda
  hash:
    md5: 99c98318c8646b08cc764f90ce98906e
    sha256: 20eaefc5dba74ff6c31e537533dde59b5b20f69e74df49dff19d43be59785fa3
  category: main
  optional: false
- name: rfc3986
  version: 2.0.0
  manager: conda
  platform: osx-arm64
  dependencies:
    python: '>=3.4'
  url: https://conda.anaconda.org/conda-forge/noarch/rfc3986-2.0.0-pyhd8ed1ab_0.tar.bz2
  hash:
    md5: d337886e38f965bf97aaec382ff6db00
    sha256: dd6bfb7c4248ba7612f2e6e4a066d6804ba96dfcaeddf43475a2c846ccfcc396
  category: main
  optional: false
- name: rich
  version: 13.7.0
  manager: conda
  platform: osx-arm64
  dependencies:
    markdown-it-py: '>=2.2.0'
    pygments: '>=2.13.0,<3.0.0'
    python: '>=3.7.0'
    typing_extensions: '>=4.0.0,<5.0.0'
  url: https://conda.anaconda.org/conda-forge/noarch/rich-13.7.0-pyhd8ed1ab_0.conda
  hash:
    md5: d7a11d4f3024b2f4a6e0ae7377dd61e9
    sha256: 4bb25bf1f5664772b2c4c2e3878aa6e7dc2695f97e3da4ee8e47c51e179913bb
  category: main
  optional: false
- name: ruamel.yaml
  version: 0.18.6
  manager: conda
  platform: osx-arm64
  dependencies:
    python: '>=3.11,<3.12.0a0'
    python_abi: 3.11.*
    ruamel.yaml.clib: '>=0.1.2'
  url: https://conda.anaconda.org/conda-forge/osx-arm64/ruamel.yaml-0.18.6-py311h05b510d_0.conda
  hash:
    md5: d2a62ffc98713af809060950a6c1d107
    sha256: 7ed21c406b18c0ae1c3f6815afe5d7dcfddc374a0ac212fd9f203767d0a18ad4
  category: main
  optional: false
- name: ruamel.yaml.clib
  version: 0.2.8
  manager: conda
  platform: osx-arm64
  dependencies:
    python: '>=3.11,<3.12.0a0'
    python_abi: 3.11.*
  url: https://conda.anaconda.org/conda-forge/osx-arm64/ruamel.yaml.clib-0.2.8-py311h05b510d_0.conda
  hash:
    md5: 0fbb200e26cec1931d0337ee70422965
    sha256: 8b64d7ac6d544cdb1c5e3677c3a6ea10f1d87f818888b25df5f3b97f271ef14f
  category: main
  optional: false
- name: ruff
  version: 0.2.2
  manager: conda
  platform: osx-arm64
  dependencies:
    libcxx: '>=16'
    python: '>=3.11,<3.12.0a0'
    python_abi: 3.11.*
  url: https://conda.anaconda.org/conda-forge/osx-arm64/ruff-0.2.2-py311h8c97afb_0.conda
  hash:
    md5: e74f44bc27321f5cc4a3c628b32e5c67
    sha256: 8bde1e4a82a22376eb3a233cd401a0b3937859f6ff462556f0a69b8daa3e7507
  category: main
  optional: false
- name: setuptools
  version: 69.1.0
  manager: conda
  platform: osx-arm64
  dependencies:
    python: '>=3.8'
  url: https://conda.anaconda.org/conda-forge/noarch/setuptools-69.1.0-pyhd8ed1ab_1.conda
  hash:
    md5: d76a248ad1b9d4a79c2ce39ee41d626c
    sha256: d233a0dc17d452324a4aa1f633c18ca562820c90cd08240c99e4b2f4f27a8692
  category: main
  optional: false
- name: six
  version: 1.16.0
  manager: conda
  platform: osx-arm64
  dependencies:
    python: ''
  url: https://conda.anaconda.org/conda-forge/noarch/six-1.16.0-pyh6c4a22f_0.tar.bz2
  hash:
    md5: e5f25f8dbc060e9a8d912e432202afc2
    sha256: a85c38227b446f42c5b90d9b642f2c0567880c15d72492d8da074a59c8f91dd6
  category: main
  optional: false
- name: smmap
  version: 5.0.0
  manager: conda
  platform: osx-arm64
  dependencies:
    python: '>=3.5'
  url: https://conda.anaconda.org/conda-forge/noarch/smmap-5.0.0-pyhd8ed1ab_0.tar.bz2
  hash:
    md5: 62f26a3d1387acee31322208f0cfa3e0
    sha256: 23011cb3e064525bdb8787c75126a2e78d2344a72cd6773922006d1da1f2af16
  category: main
  optional: false
- name: tk
  version: 8.6.13
  manager: conda
  platform: osx-arm64
  dependencies:
    libzlib: '>=1.2.13,<1.3.0a0'
  url: https://conda.anaconda.org/conda-forge/osx-arm64/tk-8.6.13-h5083fa2_1.conda
  hash:
    md5: b50a57ba89c32b62428b71a875291c9b
    sha256: 72457ad031b4c048e5891f3f6cb27a53cb479db68a52d965f796910e71a403a8
  category: main
  optional: false
- name: tomli
  version: 2.0.1
  manager: conda
  platform: osx-arm64
  dependencies:
    python: '>=3.7'
  url: https://conda.anaconda.org/conda-forge/noarch/tomli-2.0.1-pyhd8ed1ab_0.tar.bz2
  hash:
    md5: 5844808ffab9ebdb694585b50ba02a96
    sha256: 4cd48aba7cd026d17e86886af48d0d2ebc67ed36f87f6534f4b67138f5a5a58f
  category: main
  optional: false
- name: tomlkit
  version: 0.12.3
  manager: conda
  platform: osx-arm64
  dependencies:
    python: '>=3.7'
  url: https://conda.anaconda.org/conda-forge/noarch/tomlkit-0.12.3-pyha770c72_0.conda
  hash:
    md5: 074d0ce7a6261ab8b497c3518796ef3e
    sha256: 53cc436ab92d38683df1320e4468a8b978428e800195bf1c8c2460e90b0bc117
  category: main
  optional: false
- name: toolz
  version: 0.12.1
  manager: conda
  platform: osx-arm64
  dependencies:
    python: '>=3.7'
  url: https://conda.anaconda.org/conda-forge/noarch/toolz-0.12.1-pyhd8ed1ab_0.conda
  hash:
    md5: 2fcb582444635e2c402e8569bb94e039
    sha256: 22b0a9790317526e08609d5dfdd828210ae89e6d444a9e954855fc29012e90c6
  category: main
  optional: false
- name: twine
  version: 5.0.0
  manager: conda
  platform: osx-arm64
  dependencies:
    importlib_metadata: '>=3.6'
    keyring: '>=15.1'
    pkginfo: '>=1.8.1'
    python: '>=3.8'
    readme_renderer: '>=35.0'
    requests: '>=2.20'
    requests-toolbelt: '>=0.8.0,!=0.9.0'
    rfc3986: '>=1.4.0'
    rich: '>=12.0.0'
    urllib3: '>=1.26.0'
  url: https://conda.anaconda.org/conda-forge/noarch/twine-5.0.0-pyhd8ed1ab_0.conda
  hash:
    md5: e3482aff5aebc831cba9ac6b74395c6c
    sha256: 8dd14197546abf76980994db8d4e0ac861b395750d2968d259a38e80ed3e8013
  category: main
  optional: false
- name: typing-extensions
  version: 4.9.0
  manager: conda
  platform: osx-arm64
  dependencies:
    typing_extensions: 4.9.0
  url: https://conda.anaconda.org/conda-forge/noarch/typing-extensions-4.9.0-hd8ed1ab_0.conda
  hash:
    md5: c16524c1b7227dc80b36b4fa6f77cc86
    sha256: d795c1eb1db4ea147f01ece74e5a504d7c2e8d5ee8c11ec987884967dd938f9c
  category: main
  optional: false
- name: typing_extensions
  version: 4.9.0
  manager: conda
  platform: osx-arm64
  dependencies:
    python: '>=3.8'
  url: https://conda.anaconda.org/conda-forge/noarch/typing_extensions-4.9.0-pyha770c72_0.conda
  hash:
    md5: a92a6440c3fe7052d63244f3aba2a4a7
    sha256: f3c5be8673bfd905c4665efcb27fa50192f24f84fa8eff2f19cba5d09753d905
  category: main
  optional: false
- name: tzdata
  version: 2024a
  manager: conda
  platform: osx-arm64
  dependencies: {}
  url: https://conda.anaconda.org/conda-forge/noarch/tzdata-2024a-h0c530f3_0.conda
  hash:
    md5: 161081fc7cec0bfda0d86d7cb595f8d8
    sha256: 7b2b69c54ec62a243eb6fba2391b5e443421608c3ae5dbff938ad33ca8db5122
  category: main
  optional: false
- name: untokenize
  version: 0.1.1
  manager: conda
  platform: osx-arm64
  dependencies:
    python: ''
  url: https://conda.anaconda.org/conda-forge/noarch/untokenize-0.1.1-py_0.tar.bz2
  hash:
    md5: 1447ead40f2a01733a9c8dfc32988375
    sha256: 38ac6f277f228e8b79a0707a85a86971e4c73dc6b4483c2286cfb413f0b62b58
  category: main
  optional: false
- name: urllib3
  version: 1.26.18
  manager: conda
  platform: osx-arm64
  dependencies:
    brotli-python: '>=1.0.9'
    pysocks: '>=1.5.6,<2.0,!=1.5.7'
    python: '>=3.7'
  url: https://conda.anaconda.org/conda-forge/noarch/urllib3-1.26.18-pyhd8ed1ab_0.conda
  hash:
    md5: bf61cfd2a7f212efba378167a07d4a6a
    sha256: 1cc0bab65a6ad0f5a8bd7657760a4fb4e670d30377f9dab88b792977cb3687e7
  category: main
  optional: false
- name: virtualenv
  version: 20.25.1
  manager: conda
  platform: osx-arm64
  dependencies:
    distlib: <1,>=0.3.7
    filelock: <4,>=3.12.2
    platformdirs: <5,>=3.9.1
    python: '>=3.8'
  url: https://conda.anaconda.org/conda-forge/noarch/virtualenv-20.25.1-pyhd8ed1ab_0.conda
  hash:
    md5: 8797a4e26be36880a603aba29c785352
    sha256: 1ced4445cf72cd9dc344ad04bdaf703a08cc428c8c46e4bda928ad79786ee153
  category: main
  optional: false
- name: webencodings
  version: 0.5.1
  manager: conda
  platform: osx-arm64
  dependencies:
    python: '>=2.6'
  url: https://conda.anaconda.org/conda-forge/noarch/webencodings-0.5.1-pyhd8ed1ab_2.conda
  hash:
    md5: daf5160ff9cde3a468556965329085b9
    sha256: 2adf9bd5482802837bc8814cbe28d7b2a4cbd2e2c52e381329eaa283b3ed1944
  category: main
  optional: false
- name: wheel
  version: 0.42.0
  manager: conda
  platform: osx-arm64
  dependencies:
    python: '>=3.7'
  url: https://conda.anaconda.org/conda-forge/noarch/wheel-0.42.0-pyhd8ed1ab_0.conda
  hash:
    md5: 1cdea58981c5cbc17b51973bcaddcea7
    sha256: 80be0ccc815ce22f80c141013302839b0ed938a2edb50b846cf48d8a8c1cfa01
  category: main
  optional: false
- name: xz
  version: 5.2.6
  manager: conda
  platform: osx-arm64
  dependencies: {}
  url: https://conda.anaconda.org/conda-forge/osx-arm64/xz-5.2.6-h57fd34a_0.tar.bz2
  hash:
    md5: 39c6b54e94014701dd157f4f576ed211
    sha256: 59d78af0c3e071021cfe82dc40134c19dab8cdf804324b62940f5c8cd71803ec
  category: main
  optional: false
- name: yaml
  version: 0.2.5
  manager: conda
  platform: osx-arm64
  dependencies: {}
  url: https://conda.anaconda.org/conda-forge/osx-arm64/yaml-0.2.5-h3422bc3_2.tar.bz2
  hash:
    md5: 4bb3f014845110883a3c5ee811fd84b4
    sha256: 93181a04ba8cfecfdfb162fc958436d868cc37db504c58078eab4c1a3e57fbb7
  category: main
  optional: false
- name: zipp
  version: 3.17.0
  manager: conda
  platform: osx-arm64
  dependencies:
    python: '>=3.8'
  url: https://conda.anaconda.org/conda-forge/noarch/zipp-3.17.0-pyhd8ed1ab_0.conda
  hash:
    md5: 2e4d6bc0b14e10f895fc6791a7d9b26a
    sha256: bced1423fdbf77bca0a735187d05d9b9812d2163f60ab426fc10f11f92ecbe26
  category: main
  optional: false
