# black ==23.1.0
# docformatter ==1.5.1
# doit[toml]
# flake8
# isort
# m2-dos2unix
# mypy
# pip
# pydocstyle
# pyflakes
# python >=3.11,<3.12
@EXPLICIT
https://conda.anaconda.org/conda-forge/win-64/ca-certificates-2023.11.17-h56e8100_0.conda#1163114b483f26761f993c709e65271f
https://conda.anaconda.org/conda-forge/win-64/libexpat-2.5.0-h63175ca_1.conda#636cc3cbbd2e28bcfd2f73b2044aac2c
https://conda.anaconda.org/conda-forge/win-64/msys2-conda-epoch-20160418-1.tar.bz2#b0309b72560df66f71a9d5e34a5efdfa
https://conda.anaconda.org/conda-forge/win-64/python_abi-3.11-4_cp311.conda#70513332c71b56eace4ee6441e66c012
https://conda.anaconda.org/conda-forge/noarch/tzdata-2023d-h0c530f3_0.conda#8dee24b8be2d9ff81e7bd4d7d97ff1b0
https://conda.anaconda.org/conda-forge/win-64/ucrt-10.0.22621.0-h57928b3_0.tar.bz2#72608f6cd3e5898229c3ea16deb1ac43
https://conda.anaconda.org/conda-forge/win-64/m2-msys2-runtime-2.5.0.17080.65c939c-3.tar.bz2#ce25c58bc90071bf71f3d472cb8dfbce
https://conda.anaconda.org/conda-forge/win-64/vc14_runtime-14.38.33130-h82b7239_18.conda#8be79fdd2725ddf7bbf8a27a4c1f79ba
https://conda.anaconda.org/conda-forge/win-64/m2-gcc-libs-5.3.0-4.tar.bz2#51f9bee002e596f14e31c4f528f1fe6c
https://conda.anaconda.org/conda-forge/win-64/vc-14.3-hcf57466_18.conda#20e1e652a4c740fa719002a8449994a2
https://conda.anaconda.org/conda-forge/win-64/vs2015_runtime-14.38.33130-hcb4865c_18.conda#10d42885e3ed84e575b454db30f1aa93
https://conda.anaconda.org/conda-forge/win-64/bzip2-1.0.8-hcfcfb64_5.conda#26eb8ca6ea332b675e11704cce84a3be
https://conda.anaconda.org/conda-forge/win-64/libffi-3.4.2-h8ffe710_5.tar.bz2#2c96d1b6915b408893f9472569dee135
https://conda.anaconda.org/conda-forge/win-64/libsqlite-3.44.2-hcfcfb64_0.conda#4a5f5ab56cbf3ccd08d71a1168061213
https://conda.anaconda.org/conda-forge/win-64/libzlib-1.2.13-hcfcfb64_5.conda#5fdb9c6a113b6b6cb5e517fd972d5f41
https://conda.anaconda.org/conda-forge/win-64/m2-libiconv-1.14-3.tar.bz2#059d5bccb119e0e239412c2f88273155
https://conda.anaconda.org/conda-forge/win-64/openssl-3.2.0-hcfcfb64_1.conda#d10167022f99bad12ee07dea022d5830
https://conda.anaconda.org/conda-forge/win-64/tk-8.6.13-h5226925_1.conda#fc048363eb8f03cd1737600a5d08aafe
https://conda.anaconda.org/conda-forge/win-64/xz-5.2.6-h8d14728_0.tar.bz2#515d77642eaa3639413c6b1bc3f94219
https://conda.anaconda.org/conda-forge/win-64/m2-libintl-0.19.7-4.tar.bz2#bfe5803477f36865cd307b1285bd4209
https://conda.anaconda.org/conda-forge/win-64/python-3.11.7-h2628c8c_1_cpython.conda#c2f9a938fca6aa621b44afc8f5db79ab
https://conda.anaconda.org/conda-forge/noarch/charset-normalizer-3.3.2-pyhd8ed1ab_0.conda#7f4a9e3fcff3f6356ae99244a014da6a
https://conda.anaconda.org/conda-forge/noarch/cloudpickle-3.0.0-pyhd8ed1ab_0.conda#753d29fe41bb881e4b9c004f0abf973f
https://conda.anaconda.org/conda-forge/noarch/colorama-0.4.6-pyhd8ed1ab_0.tar.bz2#3faab06a954c2a04039983f2c4a50d99
https://conda.anaconda.org/conda-forge/win-64/m2-dos2unix-7.3.3-2.tar.bz2#978a12148b0ec1954a8bec9259c32b0d
https://conda.anaconda.org/conda-forge/noarch/mccabe-0.7.0-pyhd8ed1ab_0.tar.bz2#34fc335fc50eef0b5ea708f2b5f54e0c
https://conda.anaconda.org/conda-forge/noarch/mypy_extensions-1.0.0-pyha770c72_0.conda#4eccaeba205f0aed9ac3a9ea58568ca3
https://conda.anaconda.org/conda-forge/noarch/packaging-23.2-pyhd8ed1ab_0.conda#79002079284aa895f883c6b7f3f88fd6
https://conda.anaconda.org/conda-forge/noarch/pathspec-0.12.1-pyhd8ed1ab_0.conda#17064acba08d3686f1135b5ec1b32b12
https://conda.anaconda.org/conda-forge/noarch/platformdirs-4.1.0-pyhd8ed1ab_0.conda#45a5065664da0d1dfa8f8cd2eaf05ab9
https://conda.anaconda.org/conda-forge/win-64/psutil-5.9.8-py311ha68e1ae_0.conda#17e48538806e7c682d2ffcbd5c9f9aa0
https://conda.anaconda.org/conda-forge/noarch/pycodestyle-2.11.1-pyhd8ed1ab_0.conda#29ff12b36df16bb66fdccd4206aaebfb
https://conda.anaconda.org/conda-forge/noarch/pyflakes-3.2.0-pyhd8ed1ab_0.conda#0cf7fef6aa123df28adb21a590065e3d
https://conda.anaconda.org/conda-forge/noarch/setuptools-69.0.3-pyhd8ed1ab_0.conda#40695fdfd15a92121ed2922900d0308b
https://conda.anaconda.org/conda-forge/noarch/snowballstemmer-2.2.0-pyhd8ed1ab_0.tar.bz2#4d22a9315e78c6827f806065957d566e
https://conda.anaconda.org/conda-forge/noarch/tomli-2.0.1-pyhd8ed1ab_0.tar.bz2#5844808ffab9ebdb694585b50ba02a96
https://conda.anaconda.org/conda-forge/noarch/typing_extensions-4.9.0-pyha770c72_0.conda#a92a6440c3fe7052d63244f3aba2a4a7
https://conda.anaconda.org/conda-forge/noarch/untokenize-0.1.1-py_0.tar.bz2#1447ead40f2a01733a9c8dfc32988375
https://conda.anaconda.org/conda-forge/noarch/wheel-0.42.0-pyhd8ed1ab_0.conda#1cdea58981c5cbc17b51973bcaddcea7
https://conda.anaconda.org/conda-forge/noarch/zipp-3.17.0-pyhd8ed1ab_0.conda#2e4d6bc0b14e10f895fc6791a7d9b26a
https://conda.anaconda.org/conda-forge/noarch/click-8.1.7-win_pyh7428d3b_0.conda#3549ecbceb6cd77b91a105511b7d0786
https://conda.anaconda.org/conda-forge/noarch/docformatter-1.5.1-pyhd8ed1ab_0.conda#7a8356601d0a66eb83fb5178bde841bf
https://conda.anaconda.org/conda-forge/noarch/flake8-7.0.0-pyhd8ed1ab_0.conda#15bc58c860fc0a9abc26ec902df35252
https://conda.anaconda.org/conda-forge/noarch/importlib-metadata-7.0.1-pyha770c72_0.conda#746623a787e06191d80a2133e5daff17
https://conda.anaconda.org/conda-forge/noarch/isort-5.13.2-pyhd8ed1ab_0.conda#1d25ed2b95b92b026aaa795eabec8d91
https://conda.anaconda.org/conda-forge/win-64/mypy-1.8.0-py311ha68e1ae_0.conda#9a949cc91276bf313755857a11ce1ec3
https://conda.anaconda.org/conda-forge/noarch/pip-23.3.2-pyhd8ed1ab_0.conda#8591c748f98dcc02253003533bc2e4b1
https://conda.anaconda.org/conda-forge/noarch/pydocstyle-6.3.0-pyhd8ed1ab_0.conda#7e23a61a7fbaedfef6eb0e1ac775c8e5
https://conda.anaconda.org/conda-forge/win-64/black-23.1.0-py311h1ea47a8_0.conda#01243cbab42864de6da52df59bb7e745
https://conda.anaconda.org/conda-forge/noarch/doit-0.36.0-pyhd8ed1ab_0.tar.bz2#fc5e53d070f1ee7bb38c2ece282dcb82
